
Microsoft Visual Studio Solution File, Format Version 12.00
# Visual Studio Version 17
VisualStudioVersion = 17.1.32319.34
MinimumVisualStudioVersion = 10.0.40219.1
Project("{FAE04EC0-301F-11D3-BF4B-00C04F79EFBC}") = "HorizonGames.API", "HorizonGames.API\HorizonGames.API.csproj", "{EF9C8B78-CB66-4E01-BA30-AAF35B77ED32}"
EndProject
Global
	GlobalSection(SolutionConfigurationPlatforms) = preSolution
		Debug|Any CPU = Debug|Any CPU
		Release|Any CPU = Release|Any CPU
	EndGlobalSection
	GlobalSection(ProjectConfigurationPlatforms) = postSolution
		{EF9C8B78-CB66-4E01-BA30-AAF35B77ED32}.Debug|Any CPU.ActiveCfg = Debug|Any CPU
		{EF9C8B78-CB66-4E01-BA30-AAF35B77ED32}.Debug|Any CPU.Build.0 = Debug|Any CPU
		{EF9C8B78-CB66-4E01-BA30-AAF35B77ED32}.Release|Any CPU.ActiveCfg = Release|Any CPU
		{EF9C8B78-CB66-4E01-BA30-AAF35B77ED32}.Release|Any CPU.Build.0 = Release|Any CPU
	EndGlobalSection
	GlobalSection(SolutionProperties) = preSolution
		HideSolutionNode = FALSE
	EndGlobalSection
	GlobalSection(ExtensibilityGlobals) = postSolution
		SolutionGuid = {8DC5ADD6-5417-42AE-BB7F-E39E41CE3A6A}
	EndGlobalSection
EndGlobal
